{
  "originHash" : "bd7a0ca95e6c8b6b532278fe1cbd3cac0e4ca3913312b970aa90f181f35529be",
  "pins" : [
    {
      "identity" : "javapi4swift",
      "kind" : "remoteSourceControl",
      "location" : "https://github.com/bastie/JavApi4Swift.git",
      "state" : {
        "revision" : "f7dda52c4f24c89d36eec38a56e6a9689c3ff8b6",
        "version" : "0.7.5"
      }
    }
  ],
  "version" : 3
}
