{
  "originHash" : "cdf9b7abb4663fff5f10363da298f0003190a93889697e197346dbdc0c5e9ad7",
  "pins" : [
    {
      "identity" : "javapi4swift",
      "kind" : "remoteSourceControl",
      "location" : "https://github.com/bastie/JavApi4Swift.git",
      "state" : {
        "revision" : "d20fabfcfc4a9b4029207f1dd0f7fbf2b17cb213",
        "version" : "0.8.1"
      }
    }
  ],
  "version" : 3
}
